
Microsoft Visual Studio Solution File, Format Version 12.00
# Visual Studio Version 16
VisualStudioVersion = 16.0.30907.101
MinimumVisualStudioVersion = 10.0.40219.1
Project("{FAE04EC0-301F-11D3-BF4B-00C04F79EFBC}") = "lab8", "lab8\lab8.csproj", "{ED654936-F54B-4BD0-A84D-E506B0768A07}"
EndProject
Global
	GlobalSection(SolutionConfigurationPlatforms) = preSolution
		Debug|Any CPU = Debug|Any CPU
		Release|Any CPU = Release|Any CPU
	EndGlobalSection
	GlobalSection(ProjectConfigurationPlatforms) = postSolution
		{ED654936-F54B-4BD0-A84D-E506B0768A07}.Debug|Any CPU.ActiveCfg = Debug|Any CPU
		{ED654936-F54B-4BD0-A84D-E506B0768A07}.Debug|Any CPU.Build.0 = Debug|Any CPU
		{ED654936-F54B-4BD0-A84D-E506B0768A07}.Release|Any CPU.ActiveCfg = Release|Any CPU
		{ED654936-F54B-4BD0-A84D-E506B0768A07}.Release|Any CPU.Build.0 = Release|Any CPU
	EndGlobalSection
	GlobalSection(SolutionProperties) = preSolution
		HideSolutionNode = FALSE
	EndGlobalSection
	GlobalSection(ExtensibilityGlobals) = postSolution
		SolutionGuid = {69A5B362-FB38-4A53-B124-8AAB1268894D}
	EndGlobalSection
EndGlobal
