
Microsoft Visual Studio Solution File, Format Version 12.00
# Visual Studio Version 16
VisualStudioVersion = 16.0.30907.101
MinimumVisualStudioVersion = 10.0.40219.1
Project("{FAE04EC0-301F-11D3-BF4B-00C04F79EFBC}") = "lab6", "lab6\lab6.csproj", "{B0F2E56C-0911-47E4-B76A-193162931A2A}"
EndProject
Global
	GlobalSection(SolutionConfigurationPlatforms) = preSolution
		Debug|Any CPU = Debug|Any CPU
		Release|Any CPU = Release|Any CPU
	EndGlobalSection
	GlobalSection(ProjectConfigurationPlatforms) = postSolution
		{B0F2E56C-0911-47E4-B76A-193162931A2A}.Debug|Any CPU.ActiveCfg = Debug|Any CPU
		{B0F2E56C-0911-47E4-B76A-193162931A2A}.Debug|Any CPU.Build.0 = Debug|Any CPU
		{B0F2E56C-0911-47E4-B76A-193162931A2A}.Release|Any CPU.ActiveCfg = Release|Any CPU
		{B0F2E56C-0911-47E4-B76A-193162931A2A}.Release|Any CPU.Build.0 = Release|Any CPU
	EndGlobalSection
	GlobalSection(SolutionProperties) = preSolution
		HideSolutionNode = FALSE
	EndGlobalSection
	GlobalSection(ExtensibilityGlobals) = postSolution
		SolutionGuid = {790AE65B-B383-41A2-9679-8B836D7713FB}
	EndGlobalSection
EndGlobal
