
Microsoft Visual Studio Solution File, Format Version 12.00
# Visual Studio Version 16
VisualStudioVersion = 16.0.30907.101
MinimumVisualStudioVersion = 10.0.40219.1
Project("{FAE04EC0-301F-11D3-BF4B-00C04F79EFBC}") = "lab7", "lab7\lab7.csproj", "{065F1CFE-5FB7-4427-906F-ADAA201EDA87}"
EndProject
Global
	GlobalSection(SolutionConfigurationPlatforms) = preSolution
		Debug|Any CPU = Debug|Any CPU
		Release|Any CPU = Release|Any CPU
	EndGlobalSection
	GlobalSection(ProjectConfigurationPlatforms) = postSolution
		{065F1CFE-5FB7-4427-906F-ADAA201EDA87}.Debug|Any CPU.ActiveCfg = Debug|Any CPU
		{065F1CFE-5FB7-4427-906F-ADAA201EDA87}.Debug|Any CPU.Build.0 = Debug|Any CPU
		{065F1CFE-5FB7-4427-906F-ADAA201EDA87}.Release|Any CPU.ActiveCfg = Release|Any CPU
		{065F1CFE-5FB7-4427-906F-ADAA201EDA87}.Release|Any CPU.Build.0 = Release|Any CPU
	EndGlobalSection
	GlobalSection(SolutionProperties) = preSolution
		HideSolutionNode = FALSE
	EndGlobalSection
	GlobalSection(ExtensibilityGlobals) = postSolution
		SolutionGuid = {4FE083A7-2BBE-4100-A945-19121F9205F0}
	EndGlobalSection
EndGlobal
